<?xml version="1.0"?>
<CONFIG>
  <ProjectOptions>
    <Version Value="9"/>
    <PathDelim Value="\"/>
    <General>
      <Flags>
        <SaveOnlyProjectUnits Value="True"/>
        <MainUnitHasCreateFormStatements Value="False"/>
        <MainUnitHasTitleStatement Value="False"/>
      </Flags>
      <SessionStorage Value="InProjectDir"/>
      <MainUnit Value="0"/>
      <Title Value="parser"/>
      <UseAppBundle Value="False"/>
      <ResourceType Value="res"/>
    </General>
    <i18n>
      <EnableI18N LFM="False"/>
    </i18n>
    <VersionInfo>
      <StringTable ProductVersion=""/>
    </VersionInfo>
    <BuildModes Count="1">
      <Item1 Name="Default" Default="True"/>
    </BuildModes>
    <PublishOptions>
      <Version Value="2"/>
      <IncludeFileFilter Value="*.(pas|pp|inc|lfm|lpr|lrs|lpi|lpk|sh|xml)"/>
      <ExcludeFileFilter Value="*.(bak|ppu|o|so);*~;backup"/>
    </PublishOptions>
    <RunParams>
      <local>
        <FormatVersion Value="1"/>
        <CommandLineParams Value="sdk=d:\mac\5.0 applicationservices"/>
      </local>
    </RunParams>
    <Units Count="8">
      <Unit0>
        <Filename Value="parser.pas"/>
        <IsPartOfProject Value="True"/>
        <UnitName Value="parser"/>
      </Unit0>
      <Unit1>
        <Filename Value="hparser.pas"/>
        <IsPartOfProject Value="True"/>
        <UnitName Value="hparser"/>
      </Unit1>
      <Unit2>
        <Filename Value="hscanner.pas"/>
        <IsPartOfProject Value="True"/>
        <UnitName Value="hscanner"/>
      </Unit2>
      <Unit3>
        <Filename Value="htranslator.pas"/>
        <IsPartOfProject Value="True"/>
        <UnitName Value="htranslator"/>
      </Unit3>
      <Unit4>
        <Filename Value="decltypes.pas"/>
        <IsPartOfProject Value="True"/>
        <UnitName Value="DeclTypes"/>
      </Unit4>
      <Unit5>
        <Filename Value="bparser.pas"/>
        <IsPartOfProject Value="True"/>
        <UnitName Value="bparser"/>
      </Unit5>
      <Unit6>
        <Filename Value="ocparser.pas"/>
        <IsPartOfProject Value="True"/>
        <UnitName Value="ocparser"/>
      </Unit6>
      <Unit7>
        <Filename Value="declids.pas"/>
        <IsPartOfProject Value="True"/>
        <UnitName Value="DeclIds"/>
      </Unit7>
    </Units>
  </ProjectOptions>
  <CompilerOptions>
    <Version Value="11"/>
    <Target>
      <Filename Value="parser"/>
    </Target>
    <SearchPaths>
      <IncludeFiles Value="$(ProjOutDir)"/>
      <UnitOutputDirectory Value="lib/$(TargetCpu)-$(TargetOs)"/>
      <SrcPath Value="$(LazarusDir)/lcl;$(LazarusDir)/lcl/interfaces/$(LCLWidgetType)"/>
    </SearchPaths>
    <Linking>
      <Debugging>
        <UseHeaptrc Value="True"/>
      </Debugging>
    </Linking>
    <Other>
      <CompilerMessages>
        <UseMsgFile Value="True"/>
      </CompilerMessages>
      <CustomOptions Value="-dVERBOSE"/>
      <CompilerPath Value="$(CompPath)"/>
    </Other>
  </CompilerOptions>
  <Debugging>
    <Exceptions Count="4">
      <Item1>
        <Name Value="EAbort"/>
      </Item1>
      <Item2>
        <Name Value="ECodetoolError"/>
      </Item2>
      <Item3>
        <Name Value="EFOpenError"/>
      </Item3>
      <Item4>
        <Name Value="EUndeclaredIdentifier"/>
      </Item4>
    </Exceptions>
  </Debugging>
</CONFIG>
